// !$*UTF8*$!
{
	archiveVersion = 1;
	classes = {
	};
	objectVersion = 55;
	objects = {

/* Begin PBXBuildFile section */
		1B57B19EC9775C7919EFEEE2 /* Pods_Weather.framework in Frameworks */ = {isa = PBXBuildFile; fileRef = 4E4D3BF457E1A144C91721D4 /* Pods_Weather.framework */; };
		AF41228227FC578200798F97 /* WindowManager.swift in Sources */ = {isa = PBXBuildFile; fileRef = AF41228127FC578200798F97 /* WindowManager.swift */; };
		AF41228627FD9C2F00798F97 /* MainViewController.swift in Sources */ = {isa = PBXBuildFile; fileRef = AF41228427FD9C2F00798F97 /* MainViewController.swift */; };
		AF41228727FD9C2F00798F97 /* MainViewController.xib in Resources */ = {isa = PBXBuildFile; fileRef = AF41228527FD9C2F00798F97 /* MainViewController.xib */; };
		AF6C62DE27FB04E20041C97E /* AppDelegate.swift in Sources */ = {isa = PBXBuildFile; fileRef = AF6C62DD27FB04E20041C97E /* AppDelegate.swift */; };
		AF6C62E027FB04E20041C97E /* SceneDelegate.swift in Sources */ = {isa = PBXBuildFile; fileRef = AF6C62DF27FB04E20041C97E /* SceneDelegate.swift */; };
		AF6C62E727FB04E60041C97E /* Assets.xcassets in Resources */ = {isa = PBXBuildFile; fileRef = AF6C62E627FB04E60041C97E /* Assets.xcassets */; };
		AF6C62EA27FB04E60041C97E /* LaunchScreen.storyboard in Resources */ = {isa = PBXBuildFile; fileRef = AF6C62E827FB04E60041C97E /* LaunchScreen.storyboard */; };
		AF818C9B28015C67008E587A /* ProviderType.swift in Sources */ = {isa = PBXBuildFile; fileRef = AF818C9A28015C67008E587A /* ProviderType.swift */; };
		AF818C9D28015CF0008E587A /* APIProvider.swift in Sources */ = {isa = PBXBuildFile; fileRef = AF818C9C28015CF0008E587A /* APIProvider.swift */; };
		AF818CA028015D6D008E587A /* RequestLogginPlugin.swift in Sources */ = {isa = PBXBuildFile; fileRef = AF818C9F28015D6D008E587A /* RequestLogginPlugin.swift */; };
		AF818CA328015F07008E587A /* API.swift in Sources */ = {isa = PBXBuildFile; fileRef = AF818CA228015F07008E587A /* API.swift */; };
		AF818CA728017501008E587A /* MainReactor.swift in Sources */ = {isa = PBXBuildFile; fileRef = AF818CA628017501008E587A /* MainReactor.swift */; };
		AF818CAA28017790008E587A /* APIService.swift in Sources */ = {isa = PBXBuildFile; fileRef = AF818CA928017790008E587A /* APIService.swift */; };
		AF818CAC28017C8D008E587A /* LocationConverter.swift in Sources */ = {isa = PBXBuildFile; fileRef = AF818CAB28017C8D008E587A /* LocationConverter.swift */; };
		AFBB14E827FDB7F8007FEF8C /* APIType.swift in Sources */ = {isa = PBXBuildFile; fileRef = AFBB14E727FDB7F8007FEF8C /* APIType.swift */; };
		AFBB14EB27FDC2D3007FEF8C /* BaseResponse.swift in Sources */ = {isa = PBXBuildFile; fileRef = AFBB14EA27FDC2D3007FEF8C /* BaseResponse.swift */; };
/* End PBXBuildFile section */

/* Begin PBXFileReference section */
		4E4D3BF457E1A144C91721D4 /* Pods_Weather.framework */ = {isa = PBXFileReference; explicitFileType = wrapper.framework; includeInIndex = 0; path = Pods_Weather.framework; sourceTree = BUILT_PRODUCTS_DIR; };
		A5048672FD6B42EDCB942324 /* Pods-Weather.debug.xcconfig */ = {isa = PBXFileReference; includeInIndex = 1; lastKnownFileType = text.xcconfig; name = "Pods-Weather.debug.xcconfig"; path = "Target Support Files/Pods-Weather/Pods-Weather.debug.xcconfig"; sourceTree = "<group>"; };
		AF41228127FC578200798F97 /* WindowManager.swift */ = {isa = PBXFileReference; lastKnownFileType = sourcecode.swift; path = WindowManager.swift; sourceTree = "<group>"; };
		AF41228427FD9C2F00798F97 /* MainViewController.swift */ = {isa = PBXFileReference; lastKnownFileType = sourcecode.swift; path = MainViewController.swift; sourceTree = "<group>"; };
		AF41228527FD9C2F00798F97 /* MainViewController.xib */ = {isa = PBXFileReference; lastKnownFileType = file.xib; path = MainViewController.xib; sourceTree = "<group>"; };
		AF6C62DA27FB04E20041C97E /* Weather.app */ = {isa = PBXFileReference; explicitFileType = wrapper.application; includeInIndex = 0; path = Weather.app; sourceTree = BUILT_PRODUCTS_DIR; };
		AF6C62DD27FB04E20041C97E /* AppDelegate.swift */ = {isa = PBXFileReference; lastKnownFileType = sourcecode.swift; path = AppDelegate.swift; sourceTree = "<group>"; };
		AF6C62DF27FB04E20041C97E /* SceneDelegate.swift */ = {isa = PBXFileReference; lastKnownFileType = sourcecode.swift; path = SceneDelegate.swift; sourceTree = "<group>"; };
		AF6C62E627FB04E60041C97E /* Assets.xcassets */ = {isa = PBXFileReference; lastKnownFileType = folder.assetcatalog; path = Assets.xcassets; sourceTree = "<group>"; };
		AF6C62E927FB04E60041C97E /* Base */ = {isa = PBXFileReference; lastKnownFileType = file.storyboard; name = Base; path = Base.lproj/LaunchScreen.storyboard; sourceTree = "<group>"; };
		AF6C62EB27FB04E60041C97E /* Info.plist */ = {isa = PBXFileReference; lastKnownFileType = text.plist.xml; path = Info.plist; sourceTree = "<group>"; };
		AF818C9A28015C67008E587A /* ProviderType.swift */ = {isa = PBXFileReference; lastKnownFileType = sourcecode.swift; path = ProviderType.swift; sourceTree = "<group>"; };
		AF818C9C28015CF0008E587A /* APIProvider.swift */ = {isa = PBXFileReference; lastKnownFileType = sourcecode.swift; path = APIProvider.swift; sourceTree = "<group>"; };
		AF818C9F28015D6D008E587A /* RequestLogginPlugin.swift */ = {isa = PBXFileReference; lastKnownFileType = sourcecode.swift; path = RequestLogginPlugin.swift; sourceTree = "<group>"; };
		AF818CA228015F07008E587A /* API.swift */ = {isa = PBXFileReference; lastKnownFileType = sourcecode.swift; path = API.swift; sourceTree = "<group>"; };
		AF818CA628017501008E587A /* MainReactor.swift */ = {isa = PBXFileReference; lastKnownFileType = sourcecode.swift; path = MainReactor.swift; sourceTree = "<group>"; };
		AF818CA928017790008E587A /* APIService.swift */ = {isa = PBXFileReference; lastKnownFileType = sourcecode.swift; path = APIService.swift; sourceTree = "<group>"; };
		AF818CAB28017C8D008E587A /* LocationConverter.swift */ = {isa = PBXFileReference; lastKnownFileType = sourcecode.swift; path = LocationConverter.swift; sourceTree = "<group>"; };
		AFBB14E727FDB7F8007FEF8C /* APIType.swift */ = {isa = PBXFileReference; lastKnownFileType = sourcecode.swift; path = APIType.swift; sourceTree = "<group>"; };
		AFBB14EA27FDC2D3007FEF8C /* BaseResponse.swift */ = {isa = PBXFileReference; lastKnownFileType = sourcecode.swift; path = BaseResponse.swift; sourceTree = "<group>"; };
		E6CAB58AD5081D81EDA64FB0 /* Pods-Weather.release.xcconfig */ = {isa = PBXFileReference; includeInIndex = 1; lastKnownFileType = text.xcconfig; name = "Pods-Weather.release.xcconfig"; path = "Target Support Files/Pods-Weather/Pods-Weather.release.xcconfig"; sourceTree = "<group>"; };
/* End PBXFileReference section */

/* Begin PBXFrameworksBuildPhase section */
		AF6C62D727FB04E20041C97E /* Frameworks */ = {
			isa = PBXFrameworksBuildPhase;
			buildActionMask = 2147483647;
			files = (
				1B57B19EC9775C7919EFEEE2 /* Pods_Weather.framework in Frameworks */,
			);
			runOnlyForDeploymentPostprocessing = 0;
		};
/* End PBXFrameworksBuildPhase section */

/* Begin PBXGroup section */
		AF41228327FD9C0200798F97 /* View */ = {
			isa = PBXGroup;
			children = (
				AF818CA42801742E008E587A /* Main */,
			);
			path = View;
			sourceTree = "<group>";
		};
		AF6C62D127FB04E20041C97E = {
			isa = PBXGroup;
			children = (
				AF6C62DC27FB04E20041C97E /* Weather */,
				AF6C62DB27FB04E20041C97E /* Products */,
				DB40F26229B627FABA12A641 /* Pods */,
				C8FDEB17CCC43BC6CCC0B6D6 /* Frameworks */,
			);
			sourceTree = "<group>";
		};
		AF6C62DB27FB04E20041C97E /* Products */ = {
			isa = PBXGroup;
			children = (
				AF6C62DA27FB04E20041C97E /* Weather.app */,
			);
			name = Products;
			sourceTree = "<group>";
		};
		AF6C62DC27FB04E20041C97E /* Weather */ = {
			isa = PBXGroup;
			children = (
				AFBB14E927FDC2A4007FEF8C /* Model */,
				AFBB14E627FDB70F007FEF8C /* Network */,
				AFBB14E527FDA1B6007FEF8C /* Utils */,
				AF41228327FD9C0200798F97 /* View */,
				AF6C62DD27FB04E20041C97E /* AppDelegate.swift */,
				AF6C62DF27FB04E20041C97E /* SceneDelegate.swift */,
				AF6C62E627FB04E60041C97E /* Assets.xcassets */,
				AF6C62E827FB04E60041C97E /* LaunchScreen.storyboard */,
				AF6C62EB27FB04E60041C97E /* Info.plist */,
			);
			path = Weather;
			sourceTree = "<group>";
		};
		AF818C9928015C5A008E587A /* Provider */ = {
			isa = PBXGroup;
			children = (
				AF818C9E28015D62008E587A /* Plugin */,
				AF818C9A28015C67008E587A /* ProviderType.swift */,
				AF818C9C28015CF0008E587A /* APIProvider.swift */,
			);
			path = Provider;
			sourceTree = "<group>";
		};
		AF818C9E28015D62008E587A /* Plugin */ = {
			isa = PBXGroup;
			children = (
				AF818C9F28015D6D008E587A /* RequestLogginPlugin.swift */,
			);
			path = Plugin;
			sourceTree = "<group>";
		};
		AF818CA128015D79008E587A /* API */ = {
			isa = PBXGroup;
			children = (
				AFBB14E727FDB7F8007FEF8C /* APIType.swift */,
				AF818CA228015F07008E587A /* API.swift */,
			);
			path = API;
			sourceTree = "<group>";
		};
		AF818CA42801742E008E587A /* Main */ = {
			isa = PBXGroup;
			children = (
				AF41228427FD9C2F00798F97 /* MainViewController.swift */,
				AF41228527FD9C2F00798F97 /* MainViewController.xib */,
				AF818CA628017501008E587A /* MainReactor.swift */,
			);
			path = Main;
			sourceTree = "<group>";
		};
		AF818CA82801777E008E587A /* Service */ = {
			isa = PBXGroup;
			children = (
				AF818CA928017790008E587A /* APIService.swift */,
			);
			path = Service;
			sourceTree = "<group>";
		};
		AFBB14E527FDA1B6007FEF8C /* Utils */ = {
			isa = PBXGroup;
			children = (
				AF41228127FC578200798F97 /* WindowManager.swift */,
				AF818CAB28017C8D008E587A /* LocationConverter.swift */,
			);
			path = Utils;
			sourceTree = "<group>";
		};
		AFBB14E627FDB70F007FEF8C /* Network */ = {
			isa = PBXGroup;
			children = (
				AF818CA82801777E008E587A /* Service */,
				AF818CA128015D79008E587A /* API */,
				AF818C9928015C5A008E587A /* Provider */,
				AFBB14EA27FDC2D3007FEF8C /* BaseResponse.swift */,
			);
			path = Network;
			sourceTree = "<group>";
		};
		AFBB14E927FDC2A4007FEF8C /* Model */ = {
			isa = PBXGroup;
			children = (
			);
			path = Model;
			sourceTree = "<group>";
		};
		C8FDEB17CCC43BC6CCC0B6D6 /* Frameworks */ = {
			isa = PBXGroup;
			children = (
				4E4D3BF457E1A144C91721D4 /* Pods_Weather.framework */,
			);
			name = Frameworks;
			sourceTree = "<group>";
		};
		DB40F26229B627FABA12A641 /* Pods */ = {
			isa = PBXGroup;
			children = (
				A5048672FD6B42EDCB942324 /* Pods-Weather.debug.xcconfig */,
				E6CAB58AD5081D81EDA64FB0 /* Pods-Weather.release.xcconfig */,
			);
			path = Pods;
			sourceTree = "<group>";
		};
/* End PBXGroup section */

/* Begin PBXNativeTarget section */
		AF6C62D927FB04E20041C97E /* Weather */ = {
			isa = PBXNativeTarget;
			buildConfigurationList = AF6C62EE27FB04E60041C97E /* Build configuration list for PBXNativeTarget "Weather" */;
			buildPhases = (
				53C6D31EB565838DFB3FDBBE /* [CP] Check Pods Manifest.lock */,
				AF6C62D627FB04E20041C97E /* Sources */,
				AF6C62D727FB04E20041C97E /* Frameworks */,
				AF6C62D827FB04E20041C97E /* Resources */,
				5D9B7484A9B5E75CD9FD1495 /* [CP] Embed Pods Frameworks */,
			);
			buildRules = (
			);
			dependencies = (
			);
			name = Weather;
			productName = Weather;
			productReference = AF6C62DA27FB04E20041C97E /* Weather.app */;
			productType = "com.apple.product-type.application";
		};
/* End PBXNativeTarget section */

/* Begin PBXProject section */
		AF6C62D227FB04E20041C97E /* Project object */ = {
			isa = PBXProject;
			attributes = {
				BuildIndependentTargetsInParallel = 1;
				LastSwiftUpdateCheck = 1330;
				LastUpgradeCheck = 1330;
				TargetAttributes = {
					AF6C62D927FB04E20041C97E = {
						CreatedOnToolsVersion = 13.3;
					};
				};
			};
			buildConfigurationList = AF6C62D527FB04E20041C97E /* Build configuration list for PBXProject "Weather" */;
			compatibilityVersion = "Xcode 13.0";
			developmentRegion = en;
			hasScannedForEncodings = 0;
			knownRegions = (
				en,
				Base,
			);
			mainGroup = AF6C62D127FB04E20041C97E;
			productRefGroup = AF6C62DB27FB04E20041C97E /* Products */;
			projectDirPath = "";
			projectRoot = "";
			targets = (
				AF6C62D927FB04E20041C97E /* Weather */,
			);
		};
/* End PBXProject section */

/* Begin PBXResourcesBuildPhase section */
		AF6C62D827FB04E20041C97E /* Resources */ = {
			isa = PBXResourcesBuildPhase;
			buildActionMask = 2147483647;
			files = (
				AF6C62EA27FB04E60041C97E /* LaunchScreen.storyboard in Resources */,
				AF41228727FD9C2F00798F97 /* MainViewController.xib in Resources */,
				AF6C62E727FB04E60041C97E /* Assets.xcassets in Resources */,
			);
			runOnlyForDeploymentPostprocessing = 0;
		};
/* End PBXResourcesBuildPhase section */

/* Begin PBXShellScriptBuildPhase section */
		53C6D31EB565838DFB3FDBBE /* [CP] Check Pods Manifest.lock */ = {
			isa = PBXShellScriptBuildPhase;
			buildActionMask = 2147483647;
			files = (
			);
			inputFileListPaths = (
			);
			inputPaths = (
				"${PODS_PODFILE_DIR_PATH}/Podfile.lock",
				"${PODS_ROOT}/Manifest.lock",
			);
			name = "[CP] Check Pods Manifest.lock";
			outputFileListPaths = (
			);
			outputPaths = (
				"$(DERIVED_FILE_DIR)/Pods-Weather-checkManifestLockResult.txt",
			);
			runOnlyForDeploymentPostprocessing = 0;
			shellPath = /bin/sh;
			shellScript = "diff \"${PODS_PODFILE_DIR_PATH}/Podfile.lock\" \"${PODS_ROOT}/Manifest.lock\" > /dev/null\nif [ $? != 0 ] ; then\n    # print error to STDERR\n    echo \"error: The sandbox is not in sync with the Podfile.lock. Run 'pod install' or update your CocoaPods installation.\" >&2\n    exit 1\nfi\n# This output is used by Xcode 'outputs' to avoid re-running this script phase.\necho \"SUCCESS\" > \"${SCRIPT_OUTPUT_FILE_0}\"\n";
			showEnvVarsInLog = 0;
		};
		5D9B7484A9B5E75CD9FD1495 /* [CP] Embed Pods Frameworks */ = {
			isa = PBXShellScriptBuildPhase;
			buildActionMask = 2147483647;
			files = (
			);
			inputFileListPaths = (
				"${PODS_ROOT}/Target Support Files/Pods-Weather/Pods-Weather-frameworks-${CONFIGURATION}-input-files.xcfilelist",
			);
			name = "[CP] Embed Pods Frameworks";
			outputFileListPaths = (
				"${PODS_ROOT}/Target Support Files/Pods-Weather/Pods-Weather-frameworks-${CONFIGURATION}-output-files.xcfilelist",
			);
			runOnlyForDeploymentPostprocessing = 0;
			shellPath = /bin/sh;
			shellScript = "\"${PODS_ROOT}/Target Support Files/Pods-Weather/Pods-Weather-frameworks.sh\"\n";
			showEnvVarsInLog = 0;
		};
/* End PBXShellScriptBuildPhase section */

/* Begin PBXSourcesBuildPhase section */
		AF6C62D627FB04E20041C97E /* Sources */ = {
			isa = PBXSourcesBuildPhase;
			buildActionMask = 2147483647;
			files = (
				AF41228227FC578200798F97 /* WindowManager.swift in Sources */,
				AF818C9D28015CF0008E587A /* APIProvider.swift in Sources */,
				AF818CA028015D6D008E587A /* RequestLogginPlugin.swift in Sources */,
				AF6C62DE27FB04E20041C97E /* AppDelegate.swift in Sources */,
				AF818CA328015F07008E587A /* API.swift in Sources */,
				AF6C62E027FB04E20041C97E /* SceneDelegate.swift in Sources */,
				AF818CAC28017C8D008E587A /* LocationConverter.swift in Sources */,
				AF818CA728017501008E587A /* MainReactor.swift in Sources */,
				AFBB14EB27FDC2D3007FEF8C /* BaseResponse.swift in Sources */,
				AF41228627FD9C2F00798F97 /* MainViewController.swift in Sources */,
				AF818C9B28015C67008E587A /* ProviderType.swift in Sources */,
				AF818CAA28017790008E587A /* APIService.swift in Sources */,
				AFBB14E827FDB7F8007FEF8C /* APIType.swift in Sources */,
			);
			runOnlyForDeploymentPostprocessing = 0;
		};
/* End PBXSourcesBuildPhase section */

/* Begin PBXVariantGroup section */
		AF6C62E827FB04E60041C97E /* LaunchScreen.storyboard */ = {
			isa = PBXVariantGroup;
			children = (
				AF6C62E927FB04E60041C97E /* Base */,
			);
			name = LaunchScreen.storyboard;
			sourceTree = "<group>";
		};
/* End PBXVariantGroup section */

/* Begin XCBuildConfiguration section */
		AF6C62EC27FB04E60041C97E /* Debug */ = {
			isa = XCBuildConfiguration;
			buildSettings = {
				ALWAYS_SEARCH_USER_PATHS = NO;
				CLANG_ANALYZER_NONNULL = YES;
				CLANG_ANALYZER_NUMBER_OBJECT_CONVERSION = YES_AGGRESSIVE;
				CLANG_CXX_LANGUAGE_STANDARD = "gnu++17";
				CLANG_ENABLE_MODULES = YES;
				CLANG_ENABLE_OBJC_ARC = YES;
				CLANG_ENABLE_OBJC_WEAK = YES;
				CLANG_WARN_BLOCK_CAPTURE_AUTORELEASING = YES;
				CLANG_WARN_BOOL_CONVERSION = YES;
				CLANG_WARN_COMMA = YES;
				CLANG_WARN_CONSTANT_CONVERSION = YES;
				CLANG_WARN_DEPRECATED_OBJC_IMPLEMENTATIONS = YES;
				CLANG_WARN_DIRECT_OBJC_ISA_USAGE = YES_ERROR;
				CLANG_WARN_DOCUMENTATION_COMMENTS = YES;
				CLANG_WARN_EMPTY_BODY = YES;
				CLANG_WARN_ENUM_CONVERSION = YES;
				CLANG_WARN_INFINITE_RECURSION = YES;
				CLANG_WARN_INT_CONVERSION = YES;
				CLANG_WARN_NON_LITERAL_NULL_CONVERSION = YES;
				CLANG_WARN_OBJC_IMPLICIT_RETAIN_SELF = YES;
				CLANG_WARN_OBJC_LITERAL_CONVERSION = YES;
				CLANG_WARN_OBJC_ROOT_CLASS = YES_ERROR;
				CLANG_WARN_QUOTED_INCLUDE_IN_FRAMEWORK_HEADER = YES;
				CLANG_WARN_RANGE_LOOP_ANALYSIS = YES;
				CLANG_WARN_STRICT_PROTOTYPES = YES;
				CLANG_WARN_SUSPICIOUS_MOVE = YES;
				CLANG_WARN_UNGUARDED_AVAILABILITY = YES_AGGRESSIVE;
				CLANG_WARN_UNREACHABLE_CODE = YES;
				CLANG_WARN__DUPLICATE_METHOD_MATCH = YES;
				COPY_PHASE_STRIP = NO;
				DEBUG_INFORMATION_FORMAT = dwarf;
				ENABLE_STRICT_OBJC_MSGSEND = YES;
				ENABLE_TESTABILITY = YES;
				GCC_C_LANGUAGE_STANDARD = gnu11;
				GCC_DYNAMIC_NO_PIC = NO;
				GCC_NO_COMMON_BLOCKS = YES;
				GCC_OPTIMIZATION_LEVEL = 0;
				GCC_PREPROCESSOR_DEFINITIONS = (
					"DEBUG=1",
					"$(inherited)",
				);
				GCC_WARN_64_TO_32_BIT_CONVERSION = YES;
				GCC_WARN_ABOUT_RETURN_TYPE = YES_ERROR;
				GCC_WARN_UNDECLARED_SELECTOR = YES;
				GCC_WARN_UNINITIALIZED_AUTOS = YES_AGGRESSIVE;
				GCC_WARN_UNUSED_FUNCTION = YES;
				GCC_WARN_UNUSED_VARIABLE = YES;
				INFOPLIST_KEY_NSMainStoryboardFile = "";
				IPHONEOS_DEPLOYMENT_TARGET = 15.4;
				MTL_ENABLE_DEBUG_INFO = INCLUDE_SOURCE;
				MTL_FAST_MATH = YES;
				ONLY_ACTIVE_ARCH = YES;
				SDKROOT = iphoneos;
				SWIFT_ACTIVE_COMPILATION_CONDITIONS = DEBUG;
				SWIFT_OPTIMIZATION_LEVEL = "-Onone";
			};
			name = Debug;
		};
		AF6C62ED27FB04E60041C97E /* Release */ = {
			isa = XCBuildConfiguration;
			buildSettings = {
				ALWAYS_SEARCH_USER_PATHS = NO;
				CLANG_ANALYZER_NONNULL = YES;
				CLANG_ANALYZER_NUMBER_OBJECT_CONVERSION = YES_AGGRESSIVE;
				CLANG_CXX_LANGUAGE_STANDARD = "gnu++17";
				CLANG_ENABLE_MODULES = YES;
				CLANG_ENABLE_OBJC_ARC = YES;
				CLANG_ENABLE_OBJC_WEAK = YES;
				CLANG_WARN_BLOCK_CAPTURE_AUTORELEASING = YES;
				CLANG_WARN_BOOL_CONVERSION = YES;
				CLANG_WARN_COMMA = YES;
				CLANG_WARN_CONSTANT_CONVERSION = YES;
				CLANG_WARN_DEPRECATED_OBJC_IMPLEMENTATIONS = YES;
				CLANG_WARN_DIRECT_OBJC_ISA_USAGE = YES_ERROR;
				CLANG_WARN_DOCUMENTATION_COMMENTS = YES;
				CLANG_WARN_EMPTY_BODY = YES;
				CLANG_WARN_ENUM_CONVERSION = YES;
				CLANG_WARN_INFINITE_RECURSION = YES;
				CLANG_WARN_INT_CONVERSION = YES;
				CLANG_WARN_NON_LITERAL_NULL_CONVERSION = YES;
				CLANG_WARN_OBJC_IMPLICIT_RETAIN_SELF = YES;
				CLANG_WARN_OBJC_LITERAL_CONVERSION = YES;
				CLANG_WARN_OBJC_ROOT_CLASS = YES_ERROR;
				CLANG_WARN_QUOTED_INCLUDE_IN_FRAMEWORK_HEADER = YES;
				CLANG_WARN_RANGE_LOOP_ANALYSIS = YES;
				CLANG_WARN_STRICT_PROTOTYPES = YES;
				CLANG_WARN_SUSPICIOUS_MOVE = YES;
				CLANG_WARN_UNGUARDED_AVAILABILITY = YES_AGGRESSIVE;
				CLANG_WARN_UNREACHABLE_CODE = YES;
				CLANG_WARN__DUPLICATE_METHOD_MATCH = YES;
				COPY_PHASE_STRIP = NO;
				DEBUG_INFORMATION_FORMAT = "dwarf-with-dsym";
				ENABLE_NS_ASSERTIONS = NO;
				ENABLE_STRICT_OBJC_MSGSEND = YES;
				GCC_C_LANGUAGE_STANDARD = gnu11;
				GCC_NO_COMMON_BLOCKS = YES;
				GCC_WARN_64_TO_32_BIT_CONVERSION = YES;
				GCC_WARN_ABOUT_RETURN_TYPE = YES_ERROR;
				GCC_WARN_UNDECLARED_SELECTOR = YES;
				GCC_WARN_UNINITIALIZED_AUTOS = YES_AGGRESSIVE;
				GCC_WARN_UNUSED_FUNCTION = YES;
				GCC_WARN_UNUSED_VARIABLE = YES;
				IPHONEOS_DEPLOYMENT_TARGET = 15.4;
				MTL_ENABLE_DEBUG_INFO = NO;
				MTL_FAST_MATH = YES;
				SDKROOT = iphoneos;
				SWIFT_COMPILATION_MODE = wholemodule;
				SWIFT_OPTIMIZATION_LEVEL = "-O";
				VALIDATE_PRODUCT = YES;
			};
			name = Release;
		};
		AF6C62EF27FB04E60041C97E /* Debug */ = {
			isa = XCBuildConfiguration;
			baseConfigurationReference = A5048672FD6B42EDCB942324 /* Pods-Weather.debug.xcconfig */;
			buildSettings = {
				ASSETCATALOG_COMPILER_APPICON_NAME = AppIcon;
				ASSETCATALOG_COMPILER_GLOBAL_ACCENT_COLOR_NAME = AccentColor;
				CODE_SIGN_STYLE = Automatic;
				CURRENT_PROJECT_VERSION = 1;
				GENERATE_INFOPLIST_FILE = YES;
				INFOPLIST_FILE = Weather/Info.plist;
				INFOPLIST_KEY_NSMainStoryboardFile = "";
				INFOPLIST_KEY_UIApplicationSupportsIndirectInputEvents = YES;
				INFOPLIST_KEY_UILaunchStoryboardName = LaunchScreen;
				INFOPLIST_KEY_UISupportedInterfaceOrientations_iPad = "UIInterfaceOrientationPortrait UIInterfaceOrientationPortraitUpsideDown UIInterfaceOrientationLandscapeLeft UIInterfaceOrientationLandscapeRight";
				INFOPLIST_KEY_UISupportedInterfaceOrientations_iPhone = "UIInterfaceOrientationPortrait UIInterfaceOrientationLandscapeLeft UIInterfaceOrientationLandscapeRight";
				LD_RUNPATH_SEARCH_PATHS = (
					"$(inherited)",
					"@executable_path/Frameworks",
				);
				MARKETING_VERSION = 1.0;
				PRODUCT_BUNDLE_IDENTIFIER = com.nkstar.weather.Weather;
				PRODUCT_NAME = "$(TARGET_NAME)";
				SWIFT_EMIT_LOC_STRINGS = YES;
				SWIFT_VERSION = 5.0;
				TARGETED_DEVICE_FAMILY = "1,2";
			};
			name = Debug;
		};
		AF6C62F027FB04E60041C97E /* Release */ = {
			isa = XCBuildConfiguration;
			baseConfigurationReference = E6CAB58AD5081D81EDA64FB0 /* Pods-Weather.release.xcconfig */;
			buildSettings = {
				ASSETCATALOG_COMPILER_APPICON_NAME = AppIcon;
				ASSETCATALOG_COMPILER_GLOBAL_ACCENT_COLOR_NAME = AccentColor;
				CODE_SIGN_STYLE = Automatic;
				CURRENT_PROJECT_VERSION = 1;
				GENERATE_INFOPLIST_FILE = YES;
				INFOPLIST_FILE = Weather/Info.plist;
				INFOPLIST_KEY_NSMainStoryboardFile = "";
				INFOPLIST_KEY_UIApplicationSupportsIndirectInputEvents = YES;
				INFOPLIST_KEY_UILaunchStoryboardName = LaunchScreen;
				INFOPLIST_KEY_UISupportedInterfaceOrientations_iPad = "UIInterfaceOrientationPortrait UIInterfaceOrientationPortraitUpsideDown UIInterfaceOrientationLandscapeLeft UIInterfaceOrientationLandscapeRight";
				INFOPLIST_KEY_UISupportedInterfaceOrientations_iPhone = "UIInterfaceOrientationPortrait UIInterfaceOrientationLandscapeLeft UIInterfaceOrientationLandscapeRight";
				LD_RUNPATH_SEARCH_PATHS = (
					"$(inherited)",
					"@executable_path/Frameworks",
				);
				MARKETING_VERSION = 1.0;
				PRODUCT_BUNDLE_IDENTIFIER = com.nkstar.weather.Weather;
				PRODUCT_NAME = "$(TARGET_NAME)";
				SWIFT_EMIT_LOC_STRINGS = YES;
				SWIFT_VERSION = 5.0;
				TARGETED_DEVICE_FAMILY = "1,2";
			};
			name = Release;
		};
/* End XCBuildConfiguration section */

/* Begin XCConfigurationList section */
		AF6C62D527FB04E20041C97E /* Build configuration list for PBXProject "Weather" */ = {
			isa = XCConfigurationList;
			buildConfigurations = (
				AF6C62EC27FB04E60041C97E /* Debug */,
				AF6C62ED27FB04E60041C97E /* Release */,
			);
			defaultConfigurationIsVisible = 0;
			defaultConfigurationName = Release;
		};
		AF6C62EE27FB04E60041C97E /* Build configuration list for PBXNativeTarget "Weather" */ = {
			isa = XCConfigurationList;
			buildConfigurations = (
				AF6C62EF27FB04E60041C97E /* Debug */,
				AF6C62F027FB04E60041C97E /* Release */,
			);
			defaultConfigurationIsVisible = 0;
			defaultConfigurationName = Release;
		};
/* End XCConfigurationList section */
	};
	rootObject = AF6C62D227FB04E20041C97E /* Project object */;
}
